Microsoft Visual Studio Solution File, Format Version 12.00
# Visual Studio Version 17
VisualStudioVersion = 17.0.31903.59
MinimumVisualStudioVersion = 10.0.40219.1
Project("{FAE04EC0-301F-11D3-BF4B-00C04F79EFBC}") = "ConnectionPlatform.API", "ConnectionPlatform.API\ConnectionPlatform.API.csproj", "{8B5E8C3E-1B5C-4F3E-8A2B-1C5E8D3F2A1B}"
EndProject
Project("{FAE04EC0-301F-11D3-BF4B-00C04F79EFBC}") = "ConnectionPlatform.Core", "ConnectionPlatform.Core\ConnectionPlatform.Core.csproj", "{2A5E8C3E-1B5C-4F3E-8A2B-1C5E8D3F2A1C}"
EndProject
Project("{FAE04EC0-301F-11D3-BF4B-00C04F79EFBC}") = "ConnectionPlatform.Infrastructure", "ConnectionPlatform.Infrastructure\ConnectionPlatform.Infrastructure.csproj", "{3A5E8C3E-1B5C-4F3E-8A2B-1C5E8D3F2A1D}"
EndProject
Global
	GlobalSection(SolutionConfigurationPlatforms) = preSolution
		Debug|Any CPU = Debug|Any CPU
		Release|Any CPU = Release|Any CPU
	EndGlobalSection
	GlobalSection(ProjectConfigurationPlatforms) = postSolution
		{8B5E8C3E-1B5C-4F3E-8A2B-1C5E8D3F2A1B}.Debug|Any CPU.ActiveCfg = Debug|Any CPU
		{8B5E8C3E-1B5C-4F3E-8A2B-1C5E8D3F2A1B}.Debug|Any CPU.Build.0 = Debug|Any CPU
		{8B5E8C3E-1B5C-4F3E-8A2B-1C5E8D3F2A1B}.Release|Any CPU.ActiveCfg = Release|Any CPU
		{8B5E8C3E-1B5C-4F3E-8A2B-1C5E8D3F2A1B}.Release|Any CPU.Build.0 = Release|Any CPU
		{2A5E8C3E-1B5C-4F3E-8A2B-1C5E8D3F2A1C}.Debug|Any CPU.ActiveCfg = Debug|Any CPU
		{2A5E8C3E-1B5C-4F3E-8A2B-1C5E8D3F2A1C}.Debug|Any CPU.Build.0 = Debug|Any CPU
		{2A5E8C3E-1B5C-4F3E-8A2B-1C5E8D3F2A1C}.Release|Any CPU.ActiveCfg = Release|Any CPU
		{2A5E8C3E-1B5C-4F3E-8A2B-1C5E8D3F2A1C}.Release|Any CPU.Build.0 = Release|Any CPU
		{3A5E8C3E-1B5C-4F3E-8A2B-1C5E8D3F2A1D}.Debug|Any CPU.ActiveCfg = Debug|Any CPU
		{3A5E8C3E-1B5C-4F3E-8A2B-1C5E8D3F2A1D}.Debug|Any CPU.Build.0 = Debug|Any CPU
		{3A5E8C3E-1B5C-4F3E-8A2B-1C5E8D3F2A1D}.Release|Any CPU.ActiveCfg = Release|Any CPU
		{3A5E8C3E-1B5C-4F3E-8A2B-1C5E8D3F2A1D}.Release|Any CPU.Build.0 = Release|Any CPU
	EndGlobalSection
EndGlobal